
Microsoft Visual Studio Solution File, Format Version 12.00
# Visual Studio 15
VisualStudioVersion = 15.0.26430.12
MinimumVisualStudioVersion = 10.0.40219.1
Project("{FAE04EC0-301F-11D3-BF4B-00C04F79EFBC}") = "170602-HoloMagnet", "170602-HoloMagnet\170602-HoloMagnet.csproj", "{13A45C13-3265-47B8-BC48-A553B569DF55}"
EndProject
Project("{FAE04EC0-301F-11D3-BF4B-00C04F79EFBC}") = "Assembly-CSharp", "C:\Users\uedat\Documents\Drive\project_180331\170525-HoloMagnet_v2_0\170602-HoloMagnet\Apps\170602-MakeBarMagnet2\GeneratedProjects\UWP\Assembly-CSharp\Assembly-CSharp.csproj", "{40B182E4-E305-4FED-81A5-3469C2311457}"
EndProject
Project("{FAE04EC0-301F-11D3-BF4B-00C04F79EFBC}") = "Assembly-CSharp-firstpass", "C:\Users\uedat\Documents\Drive\project_180331\170525-HoloMagnet_v2_0\170602-HoloMagnet\Apps\170602-MakeBarMagnet2\GeneratedProjects\UWP\Assembly-CSharp-firstpass\Assembly-CSharp-firstpass.csproj", "{44B301F0-FB4C-4994-B78A-BAC5F880E57D}"
EndProject
Global
	GlobalSection(SolutionConfigurationPlatforms) = preSolution
		Debug|ARM = Debug|ARM
		Debug|x64 = Debug|x64
		Debug|x86 = Debug|x86
		Master|ARM = Master|ARM
		Master|x64 = Master|x64
		Master|x86 = Master|x86
		Release|ARM = Release|ARM
		Release|x64 = Release|x64
		Release|x86 = Release|x86
	EndGlobalSection
	GlobalSection(ProjectConfigurationPlatforms) = postSolution
		{13A45C13-3265-47B8-BC48-A553B569DF55}.Debug|ARM.ActiveCfg = Debug|ARM
		{13A45C13-3265-47B8-BC48-A553B569DF55}.Debug|ARM.Build.0 = Debug|ARM
		{13A45C13-3265-47B8-BC48-A553B569DF55}.Debug|ARM.Deploy.0 = Debug|ARM
		{13A45C13-3265-47B8-BC48-A553B569DF55}.Debug|x64.ActiveCfg = Debug|x64
		{13A45C13-3265-47B8-BC48-A553B569DF55}.Debug|x64.Build.0 = Debug|x64
		{13A45C13-3265-47B8-BC48-A553B569DF55}.Debug|x64.Deploy.0 = Debug|x64
		{13A45C13-3265-47B8-BC48-A553B569DF55}.Debug|x86.ActiveCfg = Debug|x86
		{13A45C13-3265-47B8-BC48-A553B569DF55}.Debug|x86.Build.0 = Debug|x86
		{13A45C13-3265-47B8-BC48-A553B569DF55}.Debug|x86.Deploy.0 = Debug|x86
		{13A45C13-3265-47B8-BC48-A553B569DF55}.Master|ARM.ActiveCfg = Master|ARM
		{13A45C13-3265-47B8-BC48-A553B569DF55}.Master|ARM.Build.0 = Master|ARM
		{13A45C13-3265-47B8-BC48-A553B569DF55}.Master|ARM.Deploy.0 = Master|ARM
		{13A45C13-3265-47B8-BC48-A553B569DF55}.Master|x64.ActiveCfg = Master|x64
		{13A45C13-3265-47B8-BC48-A553B569DF55}.Master|x64.Build.0 = Master|x64
		{13A45C13-3265-47B8-BC48-A553B569DF55}.Master|x64.Deploy.0 = Master|x64
		{13A45C13-3265-47B8-BC48-A553B569DF55}.Master|x86.ActiveCfg = Master|x86
		{13A45C13-3265-47B8-BC48-A553B569DF55}.Master|x86.Build.0 = Master|x86
		{13A45C13-3265-47B8-BC48-A553B569DF55}.Master|x86.Deploy.0 = Master|x86
		{13A45C13-3265-47B8-BC48-A553B569DF55}.Release|ARM.ActiveCfg = Release|ARM
		{13A45C13-3265-47B8-BC48-A553B569DF55}.Release|ARM.Build.0 = Release|ARM
		{13A45C13-3265-47B8-BC48-A553B569DF55}.Release|ARM.Deploy.0 = Release|ARM
		{13A45C13-3265-47B8-BC48-A553B569DF55}.Release|x64.ActiveCfg = Release|x64
		{13A45C13-3265-47B8-BC48-A553B569DF55}.Release|x64.Build.0 = Release|x64
		{13A45C13-3265-47B8-BC48-A553B569DF55}.Release|x64.Deploy.0 = Release|x64
		{13A45C13-3265-47B8-BC48-A553B569DF55}.Release|x86.ActiveCfg = Release|x86
		{13A45C13-3265-47B8-BC48-A553B569DF55}.Release|x86.Build.0 = Release|x86
		{13A45C13-3265-47B8-BC48-A553B569DF55}.Release|x86.Deploy.0 = Release|x86
		{40B182E4-E305-4FED-81A5-3469C2311457}.Debug|ARM.ActiveCfg = Debug|ARM
		{40B182E4-E305-4FED-81A5-3469C2311457}.Debug|ARM.Build.0 = Debug|ARM
		{40B182E4-E305-4FED-81A5-3469C2311457}.Debug|x64.ActiveCfg = Debug|x64
		{40B182E4-E305-4FED-81A5-3469C2311457}.Debug|x64.Build.0 = Debug|x64
		{40B182E4-E305-4FED-81A5-3469C2311457}.Debug|x86.ActiveCfg = Debug|x86
		{40B182E4-E305-4FED-81A5-3469C2311457}.Debug|x86.Build.0 = Debug|x86
		{40B182E4-E305-4FED-81A5-3469C2311457}.Master|ARM.ActiveCfg = Master|ARM
		{40B182E4-E305-4FED-81A5-3469C2311457}.Master|ARM.Build.0 = Master|ARM
		{40B182E4-E305-4FED-81A5-3469C2311457}.Master|x64.ActiveCfg = Master|x64
		{40B182E4-E305-4FED-81A5-3469C2311457}.Master|x64.Build.0 = Master|x64
		{40B182E4-E305-4FED-81A5-3469C2311457}.Master|x86.ActiveCfg = Master|x86
		{40B182E4-E305-4FED-81A5-3469C2311457}.Master|x86.Build.0 = Master|x86
		{40B182E4-E305-4FED-81A5-3469C2311457}.Release|ARM.ActiveCfg = Release|ARM
		{40B182E4-E305-4FED-81A5-3469C2311457}.Release|ARM.Build.0 = Release|ARM
		{40B182E4-E305-4FED-81A5-3469C2311457}.Release|x64.ActiveCfg = Release|x64
		{40B182E4-E305-4FED-81A5-3469C2311457}.Release|x64.Build.0 = Release|x64
		{40B182E4-E305-4FED-81A5-3469C2311457}.Release|x86.ActiveCfg = Release|x86
		{40B182E4-E305-4FED-81A5-3469C2311457}.Release|x86.Build.0 = Release|x86
		{44B301F0-FB4C-4994-B78A-BAC5F880E57D}.Debug|ARM.ActiveCfg = Debug|ARM
		{44B301F0-FB4C-4994-B78A-BAC5F880E57D}.Debug|ARM.Build.0 = Debug|ARM
		{44B301F0-FB4C-4994-B78A-BAC5F880E57D}.Debug|x64.ActiveCfg = Debug|x64
		{44B301F0-FB4C-4994-B78A-BAC5F880E57D}.Debug|x64.Build.0 = Debug|x64
		{44B301F0-FB4C-4994-B78A-BAC5F880E57D}.Debug|x86.ActiveCfg = Debug|x86
		{44B301F0-FB4C-4994-B78A-BAC5F880E57D}.Debug|x86.Build.0 = Debug|x86
		{44B301F0-FB4C-4994-B78A-BAC5F880E57D}.Master|ARM.ActiveCfg = Master|ARM
		{44B301F0-FB4C-4994-B78A-BAC5F880E57D}.Master|ARM.Build.0 = Master|ARM
		{44B301F0-FB4C-4994-B78A-BAC5F880E57D}.Master|x64.ActiveCfg = Master|x64
		{44B301F0-FB4C-4994-B78A-BAC5F880E57D}.Master|x64.Build.0 = Master|x64
		{44B301F0-FB4C-4994-B78A-BAC5F880E57D}.Master|x86.ActiveCfg = Master|x86
		{44B301F0-FB4C-4994-B78A-BAC5F880E57D}.Master|x86.Build.0 = Master|x86
		{44B301F0-FB4C-4994-B78A-BAC5F880E57D}.Release|ARM.ActiveCfg = Release|ARM
		{44B301F0-FB4C-4994-B78A-BAC5F880E57D}.Release|ARM.Build.0 = Release|ARM
		{44B301F0-FB4C-4994-B78A-BAC5F880E57D}.Release|x64.ActiveCfg = Release|x64
		{44B301F0-FB4C-4994-B78A-BAC5F880E57D}.Release|x64.Build.0 = Release|x64
		{44B301F0-FB4C-4994-B78A-BAC5F880E57D}.Release|x86.ActiveCfg = Release|x86
		{44B301F0-FB4C-4994-B78A-BAC5F880E57D}.Release|x86.Build.0 = Release|x86
	EndGlobalSection
	GlobalSection(SolutionProperties) = preSolution
		HideSolutionNode = FALSE
	EndGlobalSection
EndGlobal
